
Microsoft Visual Studio Solution File, Format Version 12.00
# Visual Studio Version 16
VisualStudioVersion = 16.0.29609.76
MinimumVisualStudioVersion = 10.0.40219.1
Project("{FAE04EC0-301F-11D3-BF4B-00C04F79EFBC}") = "Planner", "Planner\Planner.csproj", "{28D511CB-95BC-4552-9995-41A8F78CC1D0}"
EndProject
Global
	GlobalSection(SolutionConfigurationPlatforms) = preSolution
		Debug|Any CPU = Debug|Any CPU
		Release|Any CPU = Release|Any CPU
	EndGlobalSection
	GlobalSection(ProjectConfigurationPlatforms) = postSolution
		{28D511CB-95BC-4552-9995-41A8F78CC1D0}.Debug|Any CPU.ActiveCfg = Debug|Any CPU
		{28D511CB-95BC-4552-9995-41A8F78CC1D0}.Debug|Any CPU.Build.0 = Debug|Any CPU
		{28D511CB-95BC-4552-9995-41A8F78CC1D0}.Release|Any CPU.ActiveCfg = Release|Any CPU
		{28D511CB-95BC-4552-9995-41A8F78CC1D0}.Release|Any CPU.Build.0 = Release|Any CPU
	EndGlobalSection
	GlobalSection(SolutionProperties) = preSolution
		HideSolutionNode = FALSE
	EndGlobalSection
	GlobalSection(ExtensibilityGlobals) = postSolution
		SolutionGuid = {BCF243B4-0D65-40B5-A920-2E56FAE709BA}
	EndGlobalSection
EndGlobal
